
Microsoft Visual Studio Solution File, Format Version 12.00
# Visual Studio Version 17
VisualStudioVersion = 17.6.33723.286
MinimumVisualStudioVersion = 10.0.40219.1
Project("{9A19103F-16F7-4668-BE54-9A1E7A4F7556}") = "QualitestFramework", "QualityTest\QualitestFramework.csproj", "{90D1481A-0F12-419C-BE22-24A1074153CB}"
EndProject
Global
	GlobalSection(SolutionConfigurationPlatforms) = preSolution
		Debug|Any CPU = Debug|Any CPU
		Release|Any CPU = Release|Any CPU
	EndGlobalSection
	GlobalSection(ProjectConfigurationPlatforms) = postSolution
		{90D1481A-0F12-419C-BE22-24A1074153CB}.Debug|Any CPU.ActiveCfg = Debug|Any CPU
		{90D1481A-0F12-419C-BE22-24A1074153CB}.Debug|Any CPU.Build.0 = Debug|Any CPU
		{90D1481A-0F12-419C-BE22-24A1074153CB}.Release|Any CPU.ActiveCfg = Release|Any CPU
		{90D1481A-0F12-419C-BE22-24A1074153CB}.Release|Any CPU.Build.0 = Release|Any CPU
	EndGlobalSection
	GlobalSection(SolutionProperties) = preSolution
		HideSolutionNode = FALSE
	EndGlobalSection
	GlobalSection(ExtensibilityGlobals) = postSolution
		SolutionGuid = {FA90408A-034D-4244-964A-DB61EDABCC4C}
	EndGlobalSection
EndGlobal
